
Microsoft Visual Studio Solution File, Format Version 12.00
# Visual Studio Version 17
VisualStudioVersion = 17.14.36623.8
MinimumVisualStudioVersion = 10.0.40219.1
Project("{2150E333-8FDC-42A3-9474-1A3956D46DE8}") = "Task0", "Task0", "{02EA681E-C7D8-13C7-8484-4AC65E1B71E8}"
EndProject
Project("{2150E333-8FDC-42A3-9474-1A3956D46DE8}") = "Task1", "Task1", "{9EA69387-5A14-430D-A2E2-0877050AE699}"
EndProject
Project("{2150E333-8FDC-42A3-9474-1A3956D46DE8}") = "Task2", "Task2", "{A15886B1-CEDD-406A-9532-026EBBF17E93}"
EndProject
Project("{2150E333-8FDC-42A3-9474-1A3956D46DE8}") = "Task3", "Task3", "{C56C23AE-6451-4598-8F50-DEFA16AA866A}"
EndProject
Project("{FAE04EC0-301F-11D3-BF4B-00C04F79EFBC}") = "Tyuiu.Programmiste.Sprint5.Task0.V6.Test", "Tyuiu.Programmiste.Sprint5.Task0.V6.Test\Tyuiu.Programmiste.Sprint5.Task0.V6.Test.csproj", "{B37A6369-D505-4DD5-B0D4-5CA57B6DA390}"
EndProject
Project("{FAE04EC0-301F-11D3-BF4B-00C04F79EFBC}") = "Tyuiu.Programmiste.Sprint5.Task0.V6.Lib", "Tyuiu.Programmiste.Sprint5.Task0.V6.Lib\Tyuiu.Programmiste.Sprint5.Task0.V6.Lib.csproj", "{D6E85C29-6FDE-49ED-86C2-5ACFC8343102}"
EndProject
Project("{FAE04EC0-301F-11D3-BF4B-00C04F79EFBC}") = "Tyuiu.Programmiste.Sprint5.Task0.V6", "Tyuiu.Programmiste.Sprint5.Task0.V6\Tyuiu.Programmiste.Sprint5.Task0.V6.csproj", "{792AFA30-AACE-440F-B2AE-5FF9121B557A}"
EndProject
Project("{FAE04EC0-301F-11D3-BF4B-00C04F79EFBC}") = "Tyuiu.Programmiste.Sprint5.Task1.V17.Test", "Tyuiu.Programmiste.Sprint5.Task1.V17.Test\Tyuiu.Programmiste.Sprint5.Task1.V17.Test.csproj", "{5387FB4A-51B5-4249-AE72-B9E3EFEEE008}"
EndProject
Project("{FAE04EC0-301F-11D3-BF4B-00C04F79EFBC}") = "Tyuiu.Programmiste.Sprint5.Task1.V17.Lib", "Tyuiu.Programmiste.Sprint5.Task1.V17.Lib\Tyuiu.Programmiste.Sprint5.Task1.V17.Lib.csproj", "{35150F3D-129C-42DB-BAE8-1BCCD7C46D48}"
EndProject
Project("{FAE04EC0-301F-11D3-BF4B-00C04F79EFBC}") = "Tyuiu.Programmiste.Sprint5.Task1.V17", "Tyuiu.Programmiste.Sprint5.Task1.V17\Tyuiu.Programmiste.Sprint5.Task1.V17.csproj", "{B55FC6A0-4BBF-45CC-80C2-8DD67D6B90D9}"
EndProject
Project("{FAE04EC0-301F-11D3-BF4B-00C04F79EFBC}") = "Tyuiu.Programmiste.Sprint5.Task2.V9", "Tyuiu.Programmiste.Sprint5.Task2.V9\Tyuiu.Programmiste.Sprint5.Task2.V9.csproj", "{17D3268F-52C8-4FD9-A695-350C15FF706E}"
EndProject
Project("{FAE04EC0-301F-11D3-BF4B-00C04F79EFBC}") = "Tyuiu.Programmiste.Sprint5.Task2.V9.Lib", "Tyuiu.Programmiste.Sprint5.Task2.V9.Lib\Tyuiu.Programmiste.Sprint5.Task2.V9.Lib.csproj", "{820C5F6C-F9BF-4C41-BB99-D022326F8CB2}"
EndProject
Project("{FAE04EC0-301F-11D3-BF4B-00C04F79EFBC}") = "Tyuiu.Programmiste.Sprint5.Task2.V9.Test", "Tyuiu.Programmiste.Sprint5.Task2.V9.Test\Tyuiu.Programmiste.Sprint5.Task2.V9.Test.csproj", "{18AEB0DD-FFFA-427D-9D13-38BF709F9298}"
EndProject
Global
	GlobalSection(SolutionConfigurationPlatforms) = preSolution
		Debug|Any CPU = Debug|Any CPU
		Release|Any CPU = Release|Any CPU
	EndGlobalSection
	GlobalSection(ProjectConfigurationPlatforms) = postSolution
		{B37A6369-D505-4DD5-B0D4-5CA57B6DA390}.Debug|Any CPU.ActiveCfg = Debug|Any CPU
		{B37A6369-D505-4DD5-B0D4-5CA57B6DA390}.Debug|Any CPU.Build.0 = Debug|Any CPU
		{B37A6369-D505-4DD5-B0D4-5CA57B6DA390}.Release|Any CPU.ActiveCfg = Release|Any CPU
		{B37A6369-D505-4DD5-B0D4-5CA57B6DA390}.Release|Any CPU.Build.0 = Release|Any CPU
		{D6E85C29-6FDE-49ED-86C2-5ACFC8343102}.Debug|Any CPU.ActiveCfg = Debug|Any CPU
		{D6E85C29-6FDE-49ED-86C2-5ACFC8343102}.Debug|Any CPU.Build.0 = Debug|Any CPU
		{D6E85C29-6FDE-49ED-86C2-5ACFC8343102}.Release|Any CPU.ActiveCfg = Release|Any CPU
		{D6E85C29-6FDE-49ED-86C2-5ACFC8343102}.Release|Any CPU.Build.0 = Release|Any CPU
		{792AFA30-AACE-440F-B2AE-5FF9121B557A}.Debug|Any CPU.ActiveCfg = Debug|Any CPU
		{792AFA30-AACE-440F-B2AE-5FF9121B557A}.Debug|Any CPU.Build.0 = Debug|Any CPU
		{792AFA30-AACE-440F-B2AE-5FF9121B557A}.Release|Any CPU.ActiveCfg = Release|Any CPU
		{792AFA30-AACE-440F-B2AE-5FF9121B557A}.Release|Any CPU.Build.0 = Release|Any CPU
		{5387FB4A-51B5-4249-AE72-B9E3EFEEE008}.Debug|Any CPU.ActiveCfg = Debug|Any CPU
		{5387FB4A-51B5-4249-AE72-B9E3EFEEE008}.Debug|Any CPU.Build.0 = Debug|Any CPU
		{5387FB4A-51B5-4249-AE72-B9E3EFEEE008}.Release|Any CPU.ActiveCfg = Release|Any CPU
		{5387FB4A-51B5-4249-AE72-B9E3EFEEE008}.Release|Any CPU.Build.0 = Release|Any CPU
		{35150F3D-129C-42DB-BAE8-1BCCD7C46D48}.Debug|Any CPU.ActiveCfg = Debug|Any CPU
		{35150F3D-129C-42DB-BAE8-1BCCD7C46D48}.Debug|Any CPU.Build.0 = Debug|Any CPU
		{35150F3D-129C-42DB-BAE8-1BCCD7C46D48}.Release|Any CPU.ActiveCfg = Release|Any CPU
		{35150F3D-129C-42DB-BAE8-1BCCD7C46D48}.Release|Any CPU.Build.0 = Release|Any CPU
		{B55FC6A0-4BBF-45CC-80C2-8DD67D6B90D9}.Debug|Any CPU.ActiveCfg = Debug|Any CPU
		{B55FC6A0-4BBF-45CC-80C2-8DD67D6B90D9}.Debug|Any CPU.Build.0 = Debug|Any CPU
		{B55FC6A0-4BBF-45CC-80C2-8DD67D6B90D9}.Release|Any CPU.ActiveCfg = Release|Any CPU
		{B55FC6A0-4BBF-45CC-80C2-8DD67D6B90D9}.Release|Any CPU.Build.0 = Release|Any CPU
		{17D3268F-52C8-4FD9-A695-350C15FF706E}.Debug|Any CPU.ActiveCfg = Debug|Any CPU
		{17D3268F-52C8-4FD9-A695-350C15FF706E}.Debug|Any CPU.Build.0 = Debug|Any CPU
		{17D3268F-52C8-4FD9-A695-350C15FF706E}.Release|Any CPU.ActiveCfg = Release|Any CPU
		{17D3268F-52C8-4FD9-A695-350C15FF706E}.Release|Any CPU.Build.0 = Release|Any CPU
		{820C5F6C-F9BF-4C41-BB99-D022326F8CB2}.Debug|Any CPU.ActiveCfg = Debug|Any CPU
		{820C5F6C-F9BF-4C41-BB99-D022326F8CB2}.Debug|Any CPU.Build.0 = Debug|Any CPU
		{820C5F6C-F9BF-4C41-BB99-D022326F8CB2}.Release|Any CPU.ActiveCfg = Release|Any CPU
		{820C5F6C-F9BF-4C41-BB99-D022326F8CB2}.Release|Any CPU.Build.0 = Release|Any CPU
		{18AEB0DD-FFFA-427D-9D13-38BF709F9298}.Debug|Any CPU.ActiveCfg = Debug|Any CPU
		{18AEB0DD-FFFA-427D-9D13-38BF709F9298}.Debug|Any CPU.Build.0 = Debug|Any CPU
		{18AEB0DD-FFFA-427D-9D13-38BF709F9298}.Release|Any CPU.ActiveCfg = Release|Any CPU
		{18AEB0DD-FFFA-427D-9D13-38BF709F9298}.Release|Any CPU.Build.0 = Release|Any CPU
	EndGlobalSection
	GlobalSection(SolutionProperties) = preSolution
		HideSolutionNode = FALSE
	EndGlobalSection
	GlobalSection(NestedProjects) = preSolution
		{B37A6369-D505-4DD5-B0D4-5CA57B6DA390} = {02EA681E-C7D8-13C7-8484-4AC65E1B71E8}
		{D6E85C29-6FDE-49ED-86C2-5ACFC8343102} = {02EA681E-C7D8-13C7-8484-4AC65E1B71E8}
		{792AFA30-AACE-440F-B2AE-5FF9121B557A} = {02EA681E-C7D8-13C7-8484-4AC65E1B71E8}
		{5387FB4A-51B5-4249-AE72-B9E3EFEEE008} = {9EA69387-5A14-430D-A2E2-0877050AE699}
		{35150F3D-129C-42DB-BAE8-1BCCD7C46D48} = {9EA69387-5A14-430D-A2E2-0877050AE699}
		{B55FC6A0-4BBF-45CC-80C2-8DD67D6B90D9} = {9EA69387-5A14-430D-A2E2-0877050AE699}
		{17D3268F-52C8-4FD9-A695-350C15FF706E} = {A15886B1-CEDD-406A-9532-026EBBF17E93}
		{820C5F6C-F9BF-4C41-BB99-D022326F8CB2} = {A15886B1-CEDD-406A-9532-026EBBF17E93}
		{18AEB0DD-FFFA-427D-9D13-38BF709F9298} = {A15886B1-CEDD-406A-9532-026EBBF17E93}
	EndGlobalSection
	GlobalSection(ExtensibilityGlobals) = postSolution
		SolutionGuid = {5041DFCA-CD80-4B48-9F29-C5BFA73D6E0B}
	EndGlobalSection
EndGlobal
